
Microsoft Visual Studio Solution File, Format Version 12.00
# Visual Studio Version 17
VisualStudioVersion = 17.10.34928.147
MinimumVisualStudioVersion = 10.0.40219.1
Project("{FAE04EC0-301F-11D3-BF4B-00C04F79EFBC}") = "PMS.Domain", "PMS.Domain\PMS.Domain.csproj", "{019D7470-DD81-4EAD-AA1E-12D12DE006A2}"
EndProject
Project("{FAE04EC0-301F-11D3-BF4B-00C04F79EFBC}") = "PMS.Application", "PMS.Application\PMS.Application.csproj", "{EBD7B2D9-5365-43AF-B908-65F7FC798F16}"
EndProject
Project("{FAE04EC0-301F-11D3-BF4B-00C04F79EFBC}") = "PMS.Infra", "PMS.Infra\PMS.Infra.csproj", "{F2422226-5F55-4BD5-ACA2-ED2F4CE42083}"
EndProject
Project("{FAE04EC0-301F-11D3-BF4B-00C04F79EFBC}") = "PMS.Api", "PMS.Api\PMS.Api.csproj", "{D5739F0B-874D-4DDA-B3AC-0450D5FFB82F}"
EndProject
Global
	GlobalSection(SolutionConfigurationPlatforms) = preSolution
		Debug|Any CPU = Debug|Any CPU
		Release|Any CPU = Release|Any CPU
	EndGlobalSection
	GlobalSection(ProjectConfigurationPlatforms) = postSolution
		{019D7470-DD81-4EAD-AA1E-12D12DE006A2}.Debug|Any CPU.ActiveCfg = Debug|Any CPU
		{019D7470-DD81-4EAD-AA1E-12D12DE006A2}.Debug|Any CPU.Build.0 = Debug|Any CPU
		{019D7470-DD81-4EAD-AA1E-12D12DE006A2}.Release|Any CPU.ActiveCfg = Release|Any CPU
		{019D7470-DD81-4EAD-AA1E-12D12DE006A2}.Release|Any CPU.Build.0 = Release|Any CPU
		{EBD7B2D9-5365-43AF-B908-65F7FC798F16}.Debug|Any CPU.ActiveCfg = Debug|Any CPU
		{EBD7B2D9-5365-43AF-B908-65F7FC798F16}.Debug|Any CPU.Build.0 = Debug|Any CPU
		{EBD7B2D9-5365-43AF-B908-65F7FC798F16}.Release|Any CPU.ActiveCfg = Release|Any CPU
		{EBD7B2D9-5365-43AF-B908-65F7FC798F16}.Release|Any CPU.Build.0 = Release|Any CPU
		{F2422226-5F55-4BD5-ACA2-ED2F4CE42083}.Debug|Any CPU.ActiveCfg = Debug|Any CPU
		{F2422226-5F55-4BD5-ACA2-ED2F4CE42083}.Debug|Any CPU.Build.0 = Debug|Any CPU
		{F2422226-5F55-4BD5-ACA2-ED2F4CE42083}.Release|Any CPU.ActiveCfg = Release|Any CPU
		{F2422226-5F55-4BD5-ACA2-ED2F4CE42083}.Release|Any CPU.Build.0 = Release|Any CPU
		{D5739F0B-874D-4DDA-B3AC-0450D5FFB82F}.Debug|Any CPU.ActiveCfg = Debug|Any CPU
		{D5739F0B-874D-4DDA-B3AC-0450D5FFB82F}.Debug|Any CPU.Build.0 = Debug|Any CPU
		{D5739F0B-874D-4DDA-B3AC-0450D5FFB82F}.Release|Any CPU.ActiveCfg = Release|Any CPU
		{D5739F0B-874D-4DDA-B3AC-0450D5FFB82F}.Release|Any CPU.Build.0 = Release|Any CPU
	EndGlobalSection
	GlobalSection(SolutionProperties) = preSolution
		HideSolutionNode = FALSE
	EndGlobalSection
	GlobalSection(ExtensibilityGlobals) = postSolution
		SolutionGuid = {0E967876-AB3E-447A-85D4-F7A0819A7732}
	EndGlobalSection
EndGlobal
